
Microsoft Visual Studio Solution File, Format Version 12.00
# Visual Studio 15
Project("{FAE04EC0-301F-11D3-BF4B-00C04F79EFBC}") = "TowerBeats", "TowerBeats.csproj", "{EA94E9D3-8C4F-C879-E31C-7CB262F97A9D}"
EndProject
Project("{FAE04EC0-301F-11D3-BF4B-00C04F79EFBC}") = "TowerBeats.Editor", "TowerBeats.Editor.csproj", "{72516A80-C64B-237E-3801-AC9113836212}"
EndProject
Global
	GlobalSection(SolutionConfigurationPlatforms) = preSolution
		Debug|Any CPU = Debug|Any CPU
		Release|Any CPU = Release|Any CPU
	EndGlobalSection
	GlobalSection(ProjectConfigurationPlatforms) = postSolution
		{EA94E9D3-8C4F-C879-E31C-7CB262F97A9D}.Debug|Any CPU.ActiveCfg = Debug|Any CPU
		{EA94E9D3-8C4F-C879-E31C-7CB262F97A9D}.Debug|Any CPU.Build.0 = Debug|Any CPU
		{EA94E9D3-8C4F-C879-E31C-7CB262F97A9D}.Release|Any CPU.ActiveCfg = Release|Any CPU
		{EA94E9D3-8C4F-C879-E31C-7CB262F97A9D}.Release|Any CPU.Build.0 = Release|Any CPU
		{72516A80-C64B-237E-3801-AC9113836212}.Debug|Any CPU.ActiveCfg = Debug|Any CPU
		{72516A80-C64B-237E-3801-AC9113836212}.Debug|Any CPU.Build.0 = Debug|Any CPU
		{72516A80-C64B-237E-3801-AC9113836212}.Release|Any CPU.ActiveCfg = Release|Any CPU
		{72516A80-C64B-237E-3801-AC9113836212}.Release|Any CPU.Build.0 = Release|Any CPU
	EndGlobalSection
	GlobalSection(SolutionProperties) = preSolution
		HideSolutionNode = FALSE
	EndGlobalSection
EndGlobal
